
Microsoft Visual Studio Solution File, Format Version 12.00
# Visual Studio Version 17
VisualStudioVersion = 17.11.35222.181
MinimumVisualStudioVersion = 10.0.40219.1
Project("{FAE04EC0-301F-11D3-BF4B-00C04F79EFBC}") = "OpenGL", "OpenGL\OpenGL.csproj", "{8BC8C715-CB23-48FE-9B39-5880CBD5A62C}"
EndProject
Global
	GlobalSection(SolutionConfigurationPlatforms) = preSolution
		Debug|Any CPU = Debug|Any CPU
		Release|Any CPU = Release|Any CPU
	EndGlobalSection
	GlobalSection(ProjectConfigurationPlatforms) = postSolution
		{8BC8C715-CB23-48FE-9B39-5880CBD5A62C}.Debug|Any CPU.ActiveCfg = Debug|Any CPU
		{8BC8C715-CB23-48FE-9B39-5880CBD5A62C}.Debug|Any CPU.Build.0 = Debug|Any CPU
		{8BC8C715-CB23-48FE-9B39-5880CBD5A62C}.Release|Any CPU.ActiveCfg = Release|Any CPU
		{8BC8C715-CB23-48FE-9B39-5880CBD5A62C}.Release|Any CPU.Build.0 = Release|Any CPU
	EndGlobalSection
	GlobalSection(SolutionProperties) = preSolution
		HideSolutionNode = FALSE
	EndGlobalSection
	GlobalSection(ExtensibilityGlobals) = postSolution
		SolutionGuid = {2A6DF8F1-27D5-4BE5-A54C-65C1E10DEB58}
	EndGlobalSection
EndGlobal
